// !$*UTF8*$!
{
	archiveVersion = 1;
	classes = {
	};
	objectVersion = 50;
	objects = {

/* Begin PBXBuildFile section */
		0417F09E22E46F410063AD66 /* UIImageExtensions.swift in Sources */ = {isa = PBXBuildFile; fileRef = 0417F09D22E46F410063AD66 /* UIImageExtensions.swift */; };
		04318A2F22E1888B003D70C8 /* TransportControlsView.swift in Sources */ = {isa = PBXBuildFile; fileRef = 04318A2E22E1888B003D70C8 /* TransportControlsView.swift */; };
		04318A3122E18C72003D70C8 /* Icons.swift in Sources */ = {isa = PBXBuildFile; fileRef = 04318A3022E18C72003D70C8 /* Icons.swift */; };
		04318A3322E19AB5003D70C8 /* SkinGenerator.swift in Sources */ = {isa = PBXBuildFile; fileRef = 04318A3222E19AB5003D70C8 /* SkinGenerator.swift */; };
		04318A3522E2EC3C003D70C8 /* PlaybackView.swift in Sources */ = {isa = PBXBuildFile; fileRef = 04318A3422E2EC3C003D70C8 /* PlaybackView.swift */; };
		04318A3722E2FCC3003D70C8 /* VideoGenerator.swift in Sources */ = {isa = PBXBuildFile; fileRef = 04318A3622E2FCC3003D70C8 /* VideoGenerator.swift */; };
		04C0A64622DC208E00E4E5D6 /* AppDelegate.swift in Sources */ = {isa = PBXBuildFile; fileRef = 04C0A64522DC208E00E4E5D6 /* AppDelegate.swift */; };
		04C0A64822DC208E00E4E5D6 /* SceneDelegate.swift in Sources */ = {isa = PBXBuildFile; fileRef = 04C0A64722DC208E00E4E5D6 /* SceneDelegate.swift */; };
		04C0A64A22DC208E00E4E5D6 /* SceneViewController.swift in Sources */ = {isa = PBXBuildFile; fileRef = 04C0A64922DC208E00E4E5D6 /* SceneViewController.swift */; };
		04C0A64F22DC208E00E4E5D6 /* Assets.xcassets in Resources */ = {isa = PBXBuildFile; fileRef = 04C0A64E22DC208E00E4E5D6 /* Assets.xcassets */; };
		04C0A65222DC208E00E4E5D6 /* LaunchScreen.storyboard in Resources */ = {isa = PBXBuildFile; fileRef = 04C0A65022DC208E00E4E5D6 /* LaunchScreen.storyboard */; };
		04C0A65D22DC208F00E4E5D6 /* KineoTests.swift in Sources */ = {isa = PBXBuildFile; fileRef = 04C0A65C22DC208F00E4E5D6 /* KineoTests.swift */; };
		04C0A66822DC221700E4E5D6 /* UIViewControllerExtensions.swift in Sources */ = {isa = PBXBuildFile; fileRef = 04C0A66722DC221700E4E5D6 /* UIViewControllerExtensions.swift */; };
		04C0A66A22DC224B00E4E5D6 /* EditingViewController.swift in Sources */ = {isa = PBXBuildFile; fileRef = 04C0A66922DC224B00E4E5D6 /* EditingViewController.swift */; };
		04C0A66D22DC23F700E4E5D6 /* SceneWindow.swift in Sources */ = {isa = PBXBuildFile; fileRef = 04C0A66C22DC23F700E4E5D6 /* SceneWindow.swift */; };
		04C0A67022DC2A2500E4E5D6 /* EditingView.swift in Sources */ = {isa = PBXBuildFile; fileRef = 04C0A66F22DC2A2500E4E5D6 /* EditingView.swift */; };
		04C0A67222DC2C2700E4E5D6 /* CanvasView.swift in Sources */ = {isa = PBXBuildFile; fileRef = 04C0A67122DC2C2700E4E5D6 /* CanvasView.swift */; };
		04C0A67422DC3A8200E4E5D6 /* Document.swift in Sources */ = {isa = PBXBuildFile; fileRef = 04C0A67322DC3A8200E4E5D6 /* Document.swift */; };
		04C0A67722DC406B00E4E5D6 /* DataExtensions.swift in Sources */ = {isa = PBXBuildFile; fileRef = 04C0A67622DC406B00E4E5D6 /* DataExtensions.swift */; };
		04C0A67922DC436400E4E5D6 /* example.json in Resources */ = {isa = PBXBuildFile; fileRef = 04C0A67822DC436400E4E5D6 /* example.json */; };
		04C0A67C22DC51E700E4E5D6 /* Page.swift in Sources */ = {isa = PBXBuildFile; fileRef = 04C0A67B22DC51E700E4E5D6 /* Page.swift */; };
		04C0A67E22DC522500E4E5D6 /* DocumentStore.swift in Sources */ = {isa = PBXBuildFile; fileRef = 04C0A67D22DC522500E4E5D6 /* DocumentStore.swift */; };
		04C0A68022DC531100E4E5D6 /* DocumentEditor.swift in Sources */ = {isa = PBXBuildFile; fileRef = 04C0A67F22DC531100E4E5D6 /* DocumentEditor.swift */; };
		04C0A68222DC5D3800E4E5D6 /* DocumentSaveOperation.swift in Sources */ = {isa = PBXBuildFile; fileRef = 04C0A68122DC5D3800E4E5D6 /* DocumentSaveOperation.swift */; };
		04C0A68422DC5DA300E4E5D6 /* DocumentOperationQueue.swift in Sources */ = {isa = PBXBuildFile; fileRef = 04C0A68322DC5DA300E4E5D6 /* DocumentOperationQueue.swift */; };
		04C0A68622DC5EBD00E4E5D6 /* DrawingView.swift in Sources */ = {isa = PBXBuildFile; fileRef = 04C0A68522DC5EBD00E4E5D6 /* DrawingView.swift */; };
/* End PBXBuildFile section */

/* Begin PBXContainerItemProxy section */
		04C0A65922DC208F00E4E5D6 /* PBXContainerItemProxy */ = {
			isa = PBXContainerItemProxy;
			containerPortal = 04C0A63A22DC208E00E4E5D6 /* Project object */;
			proxyType = 1;
			remoteGlobalIDString = 04C0A64122DC208E00E4E5D6;
			remoteInfo = Kineo;
		};
/* End PBXContainerItemProxy section */

/* Begin PBXFileReference section */
		0417F09D22E46F410063AD66 /* UIImageExtensions.swift */ = {isa = PBXFileReference; lastKnownFileType = sourcecode.swift; path = UIImageExtensions.swift; sourceTree = "<group>"; };
		04318A2E22E1888B003D70C8 /* TransportControlsView.swift */ = {isa = PBXFileReference; lastKnownFileType = sourcecode.swift; path = TransportControlsView.swift; sourceTree = "<group>"; };
		04318A3022E18C72003D70C8 /* Icons.swift */ = {isa = PBXFileReference; lastKnownFileType = sourcecode.swift; path = Icons.swift; sourceTree = "<group>"; };
		04318A3222E19AB5003D70C8 /* SkinGenerator.swift */ = {isa = PBXFileReference; lastKnownFileType = sourcecode.swift; path = SkinGenerator.swift; sourceTree = "<group>"; };
		04318A3422E2EC3C003D70C8 /* PlaybackView.swift */ = {isa = PBXFileReference; lastKnownFileType = sourcecode.swift; path = PlaybackView.swift; sourceTree = "<group>"; };
		04318A3622E2FCC3003D70C8 /* VideoGenerator.swift */ = {isa = PBXFileReference; lastKnownFileType = sourcecode.swift; path = VideoGenerator.swift; sourceTree = "<group>"; };
		04C0A64222DC208E00E4E5D6 /* Kineo.app */ = {isa = PBXFileReference; explicitFileType = wrapper.application; includeInIndex = 0; path = Kineo.app; sourceTree = BUILT_PRODUCTS_DIR; };
		04C0A64522DC208E00E4E5D6 /* AppDelegate.swift */ = {isa = PBXFileReference; lastKnownFileType = sourcecode.swift; path = AppDelegate.swift; sourceTree = "<group>"; };
		04C0A64722DC208E00E4E5D6 /* SceneDelegate.swift */ = {isa = PBXFileReference; lastKnownFileType = sourcecode.swift; path = SceneDelegate.swift; sourceTree = "<group>"; };
		04C0A64922DC208E00E4E5D6 /* SceneViewController.swift */ = {isa = PBXFileReference; lastKnownFileType = sourcecode.swift; path = SceneViewController.swift; sourceTree = "<group>"; };
		04C0A64E22DC208E00E4E5D6 /* Assets.xcassets */ = {isa = PBXFileReference; lastKnownFileType = folder.assetcatalog; path = Assets.xcassets; sourceTree = "<group>"; };
		04C0A65122DC208E00E4E5D6 /* Base */ = {isa = PBXFileReference; lastKnownFileType = file.storyboard; name = Base; path = Base.lproj/LaunchScreen.storyboard; sourceTree = "<group>"; };
		04C0A65322DC208E00E4E5D6 /* Info.plist */ = {isa = PBXFileReference; lastKnownFileType = text.plist.xml; path = Info.plist; sourceTree = "<group>"; };
		04C0A65822DC208F00E4E5D6 /* KineoTests.xctest */ = {isa = PBXFileReference; explicitFileType = wrapper.cfbundle; includeInIndex = 0; path = KineoTests.xctest; sourceTree = BUILT_PRODUCTS_DIR; };
		04C0A65C22DC208F00E4E5D6 /* KineoTests.swift */ = {isa = PBXFileReference; lastKnownFileType = sourcecode.swift; path = KineoTests.swift; sourceTree = "<group>"; };
		04C0A65E22DC208F00E4E5D6 /* Info.plist */ = {isa = PBXFileReference; lastKnownFileType = text.plist.xml; path = Info.plist; sourceTree = "<group>"; };
		04C0A66722DC221700E4E5D6 /* UIViewControllerExtensions.swift */ = {isa = PBXFileReference; fileEncoding = 4; lastKnownFileType = sourcecode.swift; path = UIViewControllerExtensions.swift; sourceTree = "<group>"; };
		04C0A66922DC224B00E4E5D6 /* EditingViewController.swift */ = {isa = PBXFileReference; lastKnownFileType = sourcecode.swift; path = EditingViewController.swift; sourceTree = "<group>"; };
		04C0A66C22DC23F700E4E5D6 /* SceneWindow.swift */ = {isa = PBXFileReference; lastKnownFileType = sourcecode.swift; path = SceneWindow.swift; sourceTree = "<group>"; };
		04C0A66F22DC2A2500E4E5D6 /* EditingView.swift */ = {isa = PBXFileReference; lastKnownFileType = sourcecode.swift; path = EditingView.swift; sourceTree = "<group>"; };
		04C0A67122DC2C2700E4E5D6 /* CanvasView.swift */ = {isa = PBXFileReference; lastKnownFileType = sourcecode.swift; path = CanvasView.swift; sourceTree = "<group>"; };
		04C0A67322DC3A8200E4E5D6 /* Document.swift */ = {isa = PBXFileReference; lastKnownFileType = sourcecode.swift; path = Document.swift; sourceTree = "<group>"; };
		04C0A67622DC406B00E4E5D6 /* DataExtensions.swift */ = {isa = PBXFileReference; lastKnownFileType = sourcecode.swift; path = DataExtensions.swift; sourceTree = "<group>"; };
		04C0A67822DC436400E4E5D6 /* example.json */ = {isa = PBXFileReference; fileEncoding = 4; lastKnownFileType = text.json; path = example.json; sourceTree = "<group>"; };
		04C0A67B22DC51E700E4E5D6 /* Page.swift */ = {isa = PBXFileReference; lastKnownFileType = sourcecode.swift; path = Page.swift; sourceTree = "<group>"; };
		04C0A67D22DC522500E4E5D6 /* DocumentStore.swift */ = {isa = PBXFileReference; lastKnownFileType = sourcecode.swift; path = DocumentStore.swift; sourceTree = "<group>"; };
		04C0A67F22DC531100E4E5D6 /* DocumentEditor.swift */ = {isa = PBXFileReference; lastKnownFileType = sourcecode.swift; path = DocumentEditor.swift; sourceTree = "<group>"; };
		04C0A68122DC5D3800E4E5D6 /* DocumentSaveOperation.swift */ = {isa = PBXFileReference; lastKnownFileType = sourcecode.swift; path = DocumentSaveOperation.swift; sourceTree = "<group>"; };
		04C0A68322DC5DA300E4E5D6 /* DocumentOperationQueue.swift */ = {isa = PBXFileReference; lastKnownFileType = sourcecode.swift; path = DocumentOperationQueue.swift; sourceTree = "<group>"; };
		04C0A68522DC5EBD00E4E5D6 /* DrawingView.swift */ = {isa = PBXFileReference; lastKnownFileType = sourcecode.swift; path = DrawingView.swift; sourceTree = "<group>"; };
/* End PBXFileReference section */

/* Begin PBXFrameworksBuildPhase section */
		04C0A63F22DC208E00E4E5D6 /* Frameworks */ = {
			isa = PBXFrameworksBuildPhase;
			buildActionMask = 2147483647;
			files = (
			);
			runOnlyForDeploymentPostprocessing = 0;
		};
		04C0A65522DC208F00E4E5D6 /* Frameworks */ = {
			isa = PBXFrameworksBuildPhase;
			buildActionMask = 2147483647;
			files = (
			);
			runOnlyForDeploymentPostprocessing = 0;
		};
/* End PBXFrameworksBuildPhase section */

/* Begin PBXGroup section */
		04C0A63922DC208E00E4E5D6 = {
			isa = PBXGroup;
			children = (
				04C0A64422DC208E00E4E5D6 /* Kineo */,
				04C0A65B22DC208F00E4E5D6 /* KineoTests */,
				04C0A64322DC208E00E4E5D6 /* Products */,
			);
			sourceTree = "<group>";
		};
		04C0A64322DC208E00E4E5D6 /* Products */ = {
			isa = PBXGroup;
			children = (
				04C0A64222DC208E00E4E5D6 /* Kineo.app */,
				04C0A65822DC208F00E4E5D6 /* KineoTests.xctest */,
			);
			name = Products;
			sourceTree = "<group>";
		};
		04C0A64422DC208E00E4E5D6 /* Kineo */ = {
			isa = PBXGroup;
			children = (
				04C0A67822DC436400E4E5D6 /* example.json */,
				04C0A64522DC208E00E4E5D6 /* AppDelegate.swift */,
				04C0A66B22DC23EA00E4E5D6 /* Default Scene */,
				04C0A67522DC406000E4E5D6 /* Extensions */,
				04C0A64E22DC208E00E4E5D6 /* Assets.xcassets */,
				04C0A65022DC208E00E4E5D6 /* LaunchScreen.storyboard */,
				04C0A65322DC208E00E4E5D6 /* Info.plist */,
				04C0A66E22DC292E00E4E5D6 /* Editing View */,
				04C0A67A22DC51CC00E4E5D6 /* Persistence */,
				04318A2E22E1888B003D70C8 /* TransportControlsView.swift */,
				04318A3022E18C72003D70C8 /* Icons.swift */,
				04318A3222E19AB5003D70C8 /* SkinGenerator.swift */,
				04318A3622E2FCC3003D70C8 /* VideoGenerator.swift */,
			);
			path = Kineo;
			sourceTree = "<group>";
		};
		04C0A65B22DC208F00E4E5D6 /* KineoTests */ = {
			isa = PBXGroup;
			children = (
				04C0A65C22DC208F00E4E5D6 /* KineoTests.swift */,
				04C0A65E22DC208F00E4E5D6 /* Info.plist */,
			);
			path = KineoTests;
			sourceTree = "<group>";
		};
		04C0A66B22DC23EA00E4E5D6 /* Default Scene */ = {
			isa = PBXGroup;
			children = (
				04C0A64722DC208E00E4E5D6 /* SceneDelegate.swift */,
				04C0A64922DC208E00E4E5D6 /* SceneViewController.swift */,
				04C0A66C22DC23F700E4E5D6 /* SceneWindow.swift */,
			);
			path = "Default Scene";
			sourceTree = "<group>";
		};
		04C0A66E22DC292E00E4E5D6 /* Editing View */ = {
			isa = PBXGroup;
			children = (
				04C0A68522DC5EBD00E4E5D6 /* DrawingView.swift */,
				04C0A67122DC2C2700E4E5D6 /* CanvasView.swift */,
				04C0A66922DC224B00E4E5D6 /* EditingViewController.swift */,
				04C0A66F22DC2A2500E4E5D6 /* EditingView.swift */,
				04318A3422E2EC3C003D70C8 /* PlaybackView.swift */,
			);
			path = "Editing View";
			sourceTree = "<group>";
		};
		04C0A67522DC406000E4E5D6 /* Extensions */ = {
			isa = PBXGroup;
			children = (
				04C0A67622DC406B00E4E5D6 /* DataExtensions.swift */,
				04C0A66722DC221700E4E5D6 /* UIViewControllerExtensions.swift */,
				0417F09D22E46F410063AD66 /* UIImageExtensions.swift */,
			);
			path = Extensions;
			sourceTree = "<group>";
		};
		04C0A67A22DC51CC00E4E5D6 /* Persistence */ = {
			isa = PBXGroup;
			children = (
				04C0A67322DC3A8200E4E5D6 /* Document.swift */,
				04C0A67B22DC51E700E4E5D6 /* Page.swift */,
				04C0A67D22DC522500E4E5D6 /* DocumentStore.swift */,
				04C0A68322DC5DA300E4E5D6 /* DocumentOperationQueue.swift */,
				04C0A68122DC5D3800E4E5D6 /* DocumentSaveOperation.swift */,
				04C0A67F22DC531100E4E5D6 /* DocumentEditor.swift */,
			);
			path = Persistence;
			sourceTree = "<group>";
		};
/* End PBXGroup section */

/* Begin PBXNativeTarget section */
		04C0A64122DC208E00E4E5D6 /* Kineo */ = {
			isa = PBXNativeTarget;
			buildConfigurationList = 04C0A66122DC208F00E4E5D6 /* Build configuration list for PBXNativeTarget "Kineo" */;
			buildPhases = (
				04C0A63E22DC208E00E4E5D6 /* Sources */,
				04C0A63F22DC208E00E4E5D6 /* Frameworks */,
				04C0A64022DC208E00E4E5D6 /* Resources */,
			);
			buildRules = (
			);
			dependencies = (
			);
			name = Kineo;
			productName = Kineo;
			productReference = 04C0A64222DC208E00E4E5D6 /* Kineo.app */;
			productType = "com.apple.product-type.application";
		};
		04C0A65722DC208F00E4E5D6 /* KineoTests */ = {
			isa = PBXNativeTarget;
			buildConfigurationList = 04C0A66422DC208F00E4E5D6 /* Build configuration list for PBXNativeTarget "KineoTests" */;
			buildPhases = (
				04C0A65422DC208F00E4E5D6 /* Sources */,
				04C0A65522DC208F00E4E5D6 /* Frameworks */,
				04C0A65622DC208F00E4E5D6 /* Resources */,
			);
			buildRules = (
			);
			dependencies = (
				04C0A65A22DC208F00E4E5D6 /* PBXTargetDependency */,
			);
			name = KineoTests;
			productName = KineoTests;
			productReference = 04C0A65822DC208F00E4E5D6 /* KineoTests.xctest */;
			productType = "com.apple.product-type.bundle.unit-test";
		};
/* End PBXNativeTarget section */

/* Begin PBXProject section */
		04C0A63A22DC208E00E4E5D6 /* Project object */ = {
			isa = PBXProject;
			attributes = {
				LastSwiftUpdateCheck = 1100;
				LastUpgradeCheck = 1100;
				ORGANIZATIONNAME = "Cocoatype, LLC";
				TargetAttributes = {
					04C0A64122DC208E00E4E5D6 = {
						CreatedOnToolsVersion = 11.0;
					};
					04C0A65722DC208F00E4E5D6 = {
						CreatedOnToolsVersion = 11.0;
						TestTargetID = 04C0A64122DC208E00E4E5D6;
					};
				};
			};
			buildConfigurationList = 04C0A63D22DC208E00E4E5D6 /* Build configuration list for PBXProject "Kineo" */;
			compatibilityVersion = "Xcode 9.3";
			developmentRegion = en;
			hasScannedForEncodings = 0;
			knownRegions = (
				en,
				Base,
			);
			mainGroup = 04C0A63922DC208E00E4E5D6;
			productRefGroup = 04C0A64322DC208E00E4E5D6 /* Products */;
			projectDirPath = "";
			projectRoot = "";
			targets = (
				04C0A64122DC208E00E4E5D6 /* Kineo */,
				04C0A65722DC208F00E4E5D6 /* KineoTests */,
			);
		};
/* End PBXProject section */

/* Begin PBXResourcesBuildPhase section */
		04C0A64022DC208E00E4E5D6 /* Resources */ = {
			isa = PBXResourcesBuildPhase;
			buildActionMask = 2147483647;
			files = (
				04C0A65222DC208E00E4E5D6 /* LaunchScreen.storyboard in Resources */,
				04C0A64F22DC208E00E4E5D6 /* Assets.xcassets in Resources */,
				04C0A67922DC436400E4E5D6 /* example.json in Resources */,
			);
			runOnlyForDeploymentPostprocessing = 0;
		};
		04C0A65622DC208F00E4E5D6 /* Resources */ = {
			isa = PBXResourcesBuildPhase;
			buildActionMask = 2147483647;
			files = (
			);
			runOnlyForDeploymentPostprocessing = 0;
		};
/* End PBXResourcesBuildPhase section */

/* Begin PBXSourcesBuildPhase section */
		04C0A63E22DC208E00E4E5D6 /* Sources */ = {
			isa = PBXSourcesBuildPhase;
			buildActionMask = 2147483647;
			files = (
				04C0A66822DC221700E4E5D6 /* UIViewControllerExtensions.swift in Sources */,
				0417F09E22E46F410063AD66 /* UIImageExtensions.swift in Sources */,
				04C0A64A22DC208E00E4E5D6 /* SceneViewController.swift in Sources */,
				04318A3322E19AB5003D70C8 /* SkinGenerator.swift in Sources */,
				04318A3522E2EC3C003D70C8 /* PlaybackView.swift in Sources */,
				04C0A67E22DC522500E4E5D6 /* DocumentStore.swift in Sources */,
				04C0A68622DC5EBD00E4E5D6 /* DrawingView.swift in Sources */,
				04C0A67222DC2C2700E4E5D6 /* CanvasView.swift in Sources */,
				04C0A67722DC406B00E4E5D6 /* DataExtensions.swift in Sources */,
				04C0A64622DC208E00E4E5D6 /* AppDelegate.swift in Sources */,
				04318A3722E2FCC3003D70C8 /* VideoGenerator.swift in Sources */,
				04C0A67022DC2A2500E4E5D6 /* EditingView.swift in Sources */,
				04C0A67C22DC51E700E4E5D6 /* Page.swift in Sources */,
				04C0A67422DC3A8200E4E5D6 /* Document.swift in Sources */,
				04318A2F22E1888B003D70C8 /* TransportControlsView.swift in Sources */,
				04C0A68222DC5D3800E4E5D6 /* DocumentSaveOperation.swift in Sources */,
				04C0A66A22DC224B00E4E5D6 /* EditingViewController.swift in Sources */,
				04C0A68022DC531100E4E5D6 /* DocumentEditor.swift in Sources */,
				04318A3122E18C72003D70C8 /* Icons.swift in Sources */,
				04C0A68422DC5DA300E4E5D6 /* DocumentOperationQueue.swift in Sources */,
				04C0A66D22DC23F700E4E5D6 /* SceneWindow.swift in Sources */,
				04C0A64822DC208E00E4E5D6 /* SceneDelegate.swift in Sources */,
			);
			runOnlyForDeploymentPostprocessing = 0;
		};
		04C0A65422DC208F00E4E5D6 /* Sources */ = {
			isa = PBXSourcesBuildPhase;
			buildActionMask = 2147483647;
			files = (
				04C0A65D22DC208F00E4E5D6 /* KineoTests.swift in Sources */,
			);
			runOnlyForDeploymentPostprocessing = 0;
		};
/* End PBXSourcesBuildPhase section */

/* Begin PBXTargetDependency section */
		04C0A65A22DC208F00E4E5D6 /* PBXTargetDependency */ = {
			isa = PBXTargetDependency;
			target = 04C0A64122DC208E00E4E5D6 /* Kineo */;
			targetProxy = 04C0A65922DC208F00E4E5D6 /* PBXContainerItemProxy */;
		};
/* End PBXTargetDependency section */

/* Begin PBXVariantGroup section */
		04C0A65022DC208E00E4E5D6 /* LaunchScreen.storyboard */ = {
			isa = PBXVariantGroup;
			children = (
				04C0A65122DC208E00E4E5D6 /* Base */,
			);
			name = LaunchScreen.storyboard;
			sourceTree = "<group>";
		};
/* End PBXVariantGroup section */

/* Begin XCBuildConfiguration section */
		04C0A65F22DC208F00E4E5D6 /* Debug */ = {
			isa = XCBuildConfiguration;
			buildSettings = {
				ALWAYS_SEARCH_USER_PATHS = NO;
				CLANG_ANALYZER_NONNULL = YES;
				CLANG_ANALYZER_NUMBER_OBJECT_CONVERSION = YES_AGGRESSIVE;
				CLANG_CXX_LANGUAGE_STANDARD = "gnu++14";
				CLANG_CXX_LIBRARY = "libc++";
				CLANG_ENABLE_MODULES = YES;
				CLANG_ENABLE_OBJC_ARC = YES;
				CLANG_ENABLE_OBJC_WEAK = YES;
				CLANG_WARN_BLOCK_CAPTURE_AUTORELEASING = YES;
				CLANG_WARN_BOOL_CONVERSION = YES;
				CLANG_WARN_COMMA = YES;
				CLANG_WARN_CONSTANT_CONVERSION = YES;
				CLANG_WARN_DEPRECATED_OBJC_IMPLEMENTATIONS = YES;
				CLANG_WARN_DIRECT_OBJC_ISA_USAGE = YES_ERROR;
				CLANG_WARN_DOCUMENTATION_COMMENTS = YES;
				CLANG_WARN_EMPTY_BODY = YES;
				CLANG_WARN_ENUM_CONVERSION = YES;
				CLANG_WARN_INFINITE_RECURSION = YES;
				CLANG_WARN_INT_CONVERSION = YES;
				CLANG_WARN_NON_LITERAL_NULL_CONVERSION = YES;
				CLANG_WARN_OBJC_IMPLICIT_RETAIN_SELF = YES;
				CLANG_WARN_OBJC_LITERAL_CONVERSION = YES;
				CLANG_WARN_OBJC_ROOT_CLASS = YES_ERROR;
				CLANG_WARN_RANGE_LOOP_ANALYSIS = YES;
				CLANG_WARN_STRICT_PROTOTYPES = YES;
				CLANG_WARN_SUSPICIOUS_MOVE = YES;
				CLANG_WARN_UNGUARDED_AVAILABILITY = YES_AGGRESSIVE;
				CLANG_WARN_UNREACHABLE_CODE = YES;
				CLANG_WARN__DUPLICATE_METHOD_MATCH = YES;
				COPY_PHASE_STRIP = NO;
				DEBUG_INFORMATION_FORMAT = dwarf;
				ENABLE_STRICT_OBJC_MSGSEND = YES;
				ENABLE_TESTABILITY = YES;
				GCC_C_LANGUAGE_STANDARD = gnu11;
				GCC_DYNAMIC_NO_PIC = NO;
				GCC_NO_COMMON_BLOCKS = YES;
				GCC_OPTIMIZATION_LEVEL = 0;
				GCC_PREPROCESSOR_DEFINITIONS = (
					"DEBUG=1",
					"$(inherited)",
				);
				GCC_WARN_64_TO_32_BIT_CONVERSION = YES;
				GCC_WARN_ABOUT_RETURN_TYPE = YES_ERROR;
				GCC_WARN_UNDECLARED_SELECTOR = YES;
				GCC_WARN_UNINITIALIZED_AUTOS = YES_AGGRESSIVE;
				GCC_WARN_UNUSED_FUNCTION = YES;
				GCC_WARN_UNUSED_VARIABLE = YES;
				IPHONEOS_DEPLOYMENT_TARGET = 13.0;
				MTL_ENABLE_DEBUG_INFO = INCLUDE_SOURCE;
				MTL_FAST_MATH = YES;
				ONLY_ACTIVE_ARCH = YES;
				SDKROOT = iphoneos;
				SWIFT_ACTIVE_COMPILATION_CONDITIONS = DEBUG;
				SWIFT_OPTIMIZATION_LEVEL = "-Onone";
			};
			name = Debug;
		};
		04C0A66022DC208F00E4E5D6 /* Release */ = {
			isa = XCBuildConfiguration;
			buildSettings = {
				ALWAYS_SEARCH_USER_PATHS = NO;
				CLANG_ANALYZER_NONNULL = YES;
				CLANG_ANALYZER_NUMBER_OBJECT_CONVERSION = YES_AGGRESSIVE;
				CLANG_CXX_LANGUAGE_STANDARD = "gnu++14";
				CLANG_CXX_LIBRARY = "libc++";
				CLANG_ENABLE_MODULES = YES;
				CLANG_ENABLE_OBJC_ARC = YES;
				CLANG_ENABLE_OBJC_WEAK = YES;
				CLANG_WARN_BLOCK_CAPTURE_AUTORELEASING = YES;
				CLANG_WARN_BOOL_CONVERSION = YES;
				CLANG_WARN_COMMA = YES;
				CLANG_WARN_CONSTANT_CONVERSION = YES;
				CLANG_WARN_DEPRECATED_OBJC_IMPLEMENTATIONS = YES;
				CLANG_WARN_DIRECT_OBJC_ISA_USAGE = YES_ERROR;
				CLANG_WARN_DOCUMENTATION_COMMENTS = YES;
				CLANG_WARN_EMPTY_BODY = YES;
				CLANG_WARN_ENUM_CONVERSION = YES;
				CLANG_WARN_INFINITE_RECURSION = YES;
				CLANG_WARN_INT_CONVERSION = YES;
				CLANG_WARN_NON_LITERAL_NULL_CONVERSION = YES;
				CLANG_WARN_OBJC_IMPLICIT_RETAIN_SELF = YES;
				CLANG_WARN_OBJC_LITERAL_CONVERSION = YES;
				CLANG_WARN_OBJC_ROOT_CLASS = YES_ERROR;
				CLANG_WARN_RANGE_LOOP_ANALYSIS = YES;
				CLANG_WARN_STRICT_PROTOTYPES = YES;
				CLANG_WARN_SUSPICIOUS_MOVE = YES;
				CLANG_WARN_UNGUARDED_AVAILABILITY = YES_AGGRESSIVE;
				CLANG_WARN_UNREACHABLE_CODE = YES;
				CLANG_WARN__DUPLICATE_METHOD_MATCH = YES;
				COPY_PHASE_STRIP = NO;
				DEBUG_INFORMATION_FORMAT = "dwarf-with-dsym";
				ENABLE_NS_ASSERTIONS = NO;
				ENABLE_STRICT_OBJC_MSGSEND = YES;
				GCC_C_LANGUAGE_STANDARD = gnu11;
				GCC_NO_COMMON_BLOCKS = YES;
				GCC_WARN_64_TO_32_BIT_CONVERSION = YES;
				GCC_WARN_ABOUT_RETURN_TYPE = YES_ERROR;
				GCC_WARN_UNDECLARED_SELECTOR = YES;
				GCC_WARN_UNINITIALIZED_AUTOS = YES_AGGRESSIVE;
				GCC_WARN_UNUSED_FUNCTION = YES;
				GCC_WARN_UNUSED_VARIABLE = YES;
				IPHONEOS_DEPLOYMENT_TARGET = 13.0;
				MTL_ENABLE_DEBUG_INFO = NO;
				MTL_FAST_MATH = YES;
				SDKROOT = iphoneos;
				SWIFT_COMPILATION_MODE = wholemodule;
				SWIFT_OPTIMIZATION_LEVEL = "-O";
				VALIDATE_PRODUCT = YES;
			};
			name = Release;
		};
		04C0A66222DC208F00E4E5D6 /* Debug */ = {
			isa = XCBuildConfiguration;
			buildSettings = {
				ASSETCATALOG_COMPILER_APPICON_NAME = AppIcon;
				CODE_SIGN_STYLE = Automatic;
				DEVELOPMENT_TEAM = 287EDDET2B;
				INFOPLIST_FILE = Kineo/Info.plist;
				LD_RUNPATH_SEARCH_PATHS = (
					"$(inherited)",
					"@executable_path/Frameworks",
				);
				PRODUCT_BUNDLE_IDENTIFIER = com.flipbookapp.flickbook;
				PRODUCT_NAME = "$(TARGET_NAME)";
				SWIFT_VERSION = 5.0;
				TARGETED_DEVICE_FAMILY = "1,2";
			};
			name = Debug;
		};
		04C0A66322DC208F00E4E5D6 /* Release */ = {
			isa = XCBuildConfiguration;
			buildSettings = {
				ASSETCATALOG_COMPILER_APPICON_NAME = AppIcon;
				CODE_SIGN_IDENTITY = "Apple Distribution";
				CODE_SIGN_STYLE = Automatic;
				DEVELOPMENT_TEAM = 287EDDET2B;
				INFOPLIST_FILE = Kineo/Info.plist;
				LD_RUNPATH_SEARCH_PATHS = (
					"$(inherited)",
					"@executable_path/Frameworks",
				);
				PRODUCT_BUNDLE_IDENTIFIER = com.flipbookapp.flickbook;
				PRODUCT_NAME = "$(TARGET_NAME)";
				SWIFT_VERSION = 5.0;
				TARGETED_DEVICE_FAMILY = "1,2";
			};
			name = Release;
		};
		04C0A66522DC208F00E4E5D6 /* Debug */ = {
			isa = XCBuildConfiguration;
			buildSettings = {
				ALWAYS_EMBED_SWIFT_STANDARD_LIBRARIES = YES;
				BUNDLE_LOADER = "$(TEST_HOST)";
				CODE_SIGN_STYLE = Automatic;
				DEVELOPMENT_TEAM = 287EDDET2B;
				INFOPLIST_FILE = KineoTests/Info.plist;
				LD_RUNPATH_SEARCH_PATHS = (
					"$(inherited)",
					"@executable_path/Frameworks",
					"@loader_path/Frameworks",
				);
				PRODUCT_BUNDLE_IDENTIFIER = com.cocoatype.KineoTests;
				PRODUCT_NAME = "$(TARGET_NAME)";
				SWIFT_VERSION = 5.0;
				TARGETED_DEVICE_FAMILY = "1,2";
				TEST_HOST = "$(BUILT_PRODUCTS_DIR)/Kineo.app/Kineo";
			};
			name = Debug;
		};
		04C0A66622DC208F00E4E5D6 /* Release */ = {
			isa = XCBuildConfiguration;
			buildSettings = {
				ALWAYS_EMBED_SWIFT_STANDARD_LIBRARIES = YES;
				BUNDLE_LOADER = "$(TEST_HOST)";
				CODE_SIGN_STYLE = Automatic;
				DEVELOPMENT_TEAM = 287EDDET2B;
				INFOPLIST_FILE = KineoTests/Info.plist;
				LD_RUNPATH_SEARCH_PATHS = (
					"$(inherited)",
					"@executable_path/Frameworks",
					"@loader_path/Frameworks",
				);
				PRODUCT_BUNDLE_IDENTIFIER = com.cocoatype.KineoTests;
				PRODUCT_NAME = "$(TARGET_NAME)";
				SWIFT_VERSION = 5.0;
				TARGETED_DEVICE_FAMILY = "1,2";
				TEST_HOST = "$(BUILT_PRODUCTS_DIR)/Kineo.app/Kineo";
			};
			name = Release;
		};
/* End XCBuildConfiguration section */

/* Begin XCConfigurationList section */
		04C0A63D22DC208E00E4E5D6 /* Build configuration list for PBXProject "Kineo" */ = {
			isa = XCConfigurationList;
			buildConfigurations = (
				04C0A65F22DC208F00E4E5D6 /* Debug */,
				04C0A66022DC208F00E4E5D6 /* Release */,
			);
			defaultConfigurationIsVisible = 0;
			defaultConfigurationName = Release;
		};
		04C0A66122DC208F00E4E5D6 /* Build configuration list for PBXNativeTarget "Kineo" */ = {
			isa = XCConfigurationList;
			buildConfigurations = (
				04C0A66222DC208F00E4E5D6 /* Debug */,
				04C0A66322DC208F00E4E5D6 /* Release */,
			);
			defaultConfigurationIsVisible = 0;
			defaultConfigurationName = Release;
		};
		04C0A66422DC208F00E4E5D6 /* Build configuration list for PBXNativeTarget "KineoTests" */ = {
			isa = XCConfigurationList;
			buildConfigurations = (
				04C0A66522DC208F00E4E5D6 /* Debug */,
				04C0A66622DC208F00E4E5D6 /* Release */,
			);
			defaultConfigurationIsVisible = 0;
			defaultConfigurationName = Release;
		};
/* End XCConfigurationList section */
	};
	rootObject = 04C0A63A22DC208E00E4E5D6 /* Project object */;
}
